// !$*UTF8*$!
{
	archiveVersion = 1;
	classes = {
	};
	objectVersion = 55;
	objects = {

/* Begin PBXBuildFile section */
		D1FE32AA2B0C342B0019C549 /* AppDelegate.swift in Sources */ = {isa = PBXBuildFile; fileRef = D1FE32A92B0C342B0019C549 /* AppDelegate.swift */; };
		D1FE32AC2B0C342B0019C549 /* ViewController.swift in Sources */ = {isa = PBXBuildFile; fileRef = D1FE32AB2B0C342B0019C549 /* ViewController.swift */; };
		D1FE32AE2B0C342B0019C549 /* Experience.rcproject in Sources */ = {isa = PBXBuildFile; fileRef = D1FE32AD2B0C342B0019C549 /* Experience.rcproject */; };
		D1FE32B12B0C342B0019C549 /* Main.storyboard in Resources */ = {isa = PBXBuildFile; fileRef = D1FE32AF2B0C342B0019C549 /* Main.storyboard */; };
		D1FE32B32B0C342E0019C549 /* Assets.xcassets in Resources */ = {isa = PBXBuildFile; fileRef = D1FE32B22B0C342E0019C549 /* Assets.xcassets */; };
		D1FE32B62B0C342E0019C549 /* LaunchScreen.storyboard in Resources */ = {isa = PBXBuildFile; fileRef = D1FE32B42B0C342E0019C549 /* LaunchScreen.storyboard */; };
		D1FE32C02B0C342E0019C549 /* To_Do_ExplosionTests.swift in Sources */ = {isa = PBXBuildFile; fileRef = D1FE32BF2B0C342E0019C549 /* To_Do_ExplosionTests.swift */; };
		D1FE32CA2B0C342E0019C549 /* To_Do_ExplosionUITests.swift in Sources */ = {isa = PBXBuildFile; fileRef = D1FE32C92B0C342E0019C549 /* To_Do_ExplosionUITests.swift */; };
		D1FE32CC2B0C342E0019C549 /* To_Do_ExplosionUITestsLaunchTests.swift in Sources */ = {isa = PBXBuildFile; fileRef = D1FE32CB2B0C342E0019C549 /* To_Do_ExplosionUITestsLaunchTests.swift */; };
/* End PBXBuildFile section */

/* Begin PBXContainerItemProxy section */
		D1FE32BC2B0C342E0019C549 /* PBXContainerItemProxy */ = {
			isa = PBXContainerItemProxy;
			containerPortal = D1FE329E2B0C342B0019C549 /* Project object */;
			proxyType = 1;
			remoteGlobalIDString = D1FE32A52B0C342B0019C549;
			remoteInfo = "To Do Explosion";
		};
		D1FE32C62B0C342E0019C549 /* PBXContainerItemProxy */ = {
			isa = PBXContainerItemProxy;
			containerPortal = D1FE329E2B0C342B0019C549 /* Project object */;
			proxyType = 1;
			remoteGlobalIDString = D1FE32A52B0C342B0019C549;
			remoteInfo = "To Do Explosion";
		};
/* End PBXContainerItemProxy section */

/* Begin PBXFileReference section */
		D1FE32A62B0C342B0019C549 /* To Do Explosion.app */ = {isa = PBXFileReference; explicitFileType = wrapper.application; includeInIndex = 0; path = "To Do Explosion.app"; sourceTree = BUILT_PRODUCTS_DIR; };
		D1FE32A92B0C342B0019C549 /* AppDelegate.swift */ = {isa = PBXFileReference; lastKnownFileType = sourcecode.swift; path = AppDelegate.swift; sourceTree = "<group>"; };
		D1FE32AB2B0C342B0019C549 /* ViewController.swift */ = {isa = PBXFileReference; lastKnownFileType = sourcecode.swift; path = ViewController.swift; sourceTree = "<group>"; };
		D1FE32AD2B0C342B0019C549 /* Experience.rcproject */ = {isa = PBXFileReference; lastKnownFileType = file.rcproject; path = Experience.rcproject; sourceTree = "<group>"; };
		D1FE32B02B0C342B0019C549 /* Base */ = {isa = PBXFileReference; lastKnownFileType = file.storyboard; name = Base; path = Base.lproj/Main.storyboard; sourceTree = "<group>"; };
		D1FE32B22B0C342E0019C549 /* Assets.xcassets */ = {isa = PBXFileReference; lastKnownFileType = folder.assetcatalog; path = Assets.xcassets; sourceTree = "<group>"; };
		D1FE32B52B0C342E0019C549 /* Base */ = {isa = PBXFileReference; lastKnownFileType = file.storyboard; name = Base; path = Base.lproj/LaunchScreen.storyboard; sourceTree = "<group>"; };
		D1FE32BB2B0C342E0019C549 /* To Do ExplosionTests.xctest */ = {isa = PBXFileReference; explicitFileType = wrapper.cfbundle; includeInIndex = 0; path = "To Do ExplosionTests.xctest"; sourceTree = BUILT_PRODUCTS_DIR; };
		D1FE32BF2B0C342E0019C549 /* To_Do_ExplosionTests.swift */ = {isa = PBXFileReference; lastKnownFileType = sourcecode.swift; path = To_Do_ExplosionTests.swift; sourceTree = "<group>"; };
		D1FE32C52B0C342E0019C549 /* To Do ExplosionUITests.xctest */ = {isa = PBXFileReference; explicitFileType = wrapper.cfbundle; includeInIndex = 0; path = "To Do ExplosionUITests.xctest"; sourceTree = BUILT_PRODUCTS_DIR; };
		D1FE32C92B0C342E0019C549 /* To_Do_ExplosionUITests.swift */ = {isa = PBXFileReference; lastKnownFileType = sourcecode.swift; path = To_Do_ExplosionUITests.swift; sourceTree = "<group>"; };
		D1FE32CB2B0C342E0019C549 /* To_Do_ExplosionUITestsLaunchTests.swift */ = {isa = PBXFileReference; lastKnownFileType = sourcecode.swift; path = To_Do_ExplosionUITestsLaunchTests.swift; sourceTree = "<group>"; };
/* End PBXFileReference section */

/* Begin PBXFrameworksBuildPhase section */
		D1FE32A32B0C342B0019C549 /* Frameworks */ = {
			isa = PBXFrameworksBuildPhase;
			buildActionMask = 2147483647;
			files = (
			);
			runOnlyForDeploymentPostprocessing = 0;
		};
		D1FE32B82B0C342E0019C549 /* Frameworks */ = {
			isa = PBXFrameworksBuildPhase;
			buildActionMask = 2147483647;
			files = (
			);
			runOnlyForDeploymentPostprocessing = 0;
		};
		D1FE32C22B0C342E0019C549 /* Frameworks */ = {
			isa = PBXFrameworksBuildPhase;
			buildActionMask = 2147483647;
			files = (
			);
			runOnlyForDeploymentPostprocessing = 0;
		};
/* End PBXFrameworksBuildPhase section */

/* Begin PBXGroup section */
		D1FE329D2B0C342B0019C549 = {
			isa = PBXGroup;
			children = (
				D1FE32A82B0C342B0019C549 /* To Do Explosion */,
				D1FE32BE2B0C342E0019C549 /* To Do ExplosionTests */,
				D1FE32C82B0C342E0019C549 /* To Do ExplosionUITests */,
				D1FE32A72B0C342B0019C549 /* Products */,
			);
			sourceTree = "<group>";
		};
		D1FE32A72B0C342B0019C549 /* Products */ = {
			isa = PBXGroup;
			children = (
				D1FE32A62B0C342B0019C549 /* To Do Explosion.app */,
				D1FE32BB2B0C342E0019C549 /* To Do ExplosionTests.xctest */,
				D1FE32C52B0C342E0019C549 /* To Do ExplosionUITests.xctest */,
			);
			name = Products;
			sourceTree = "<group>";
		};
		D1FE32A82B0C342B0019C549 /* To Do Explosion */ = {
			isa = PBXGroup;
			children = (
				D1FE32A92B0C342B0019C549 /* AppDelegate.swift */,
				D1FE32AB2B0C342B0019C549 /* ViewController.swift */,
				D1FE32AD2B0C342B0019C549 /* Experience.rcproject */,
				D1FE32AF2B0C342B0019C549 /* Main.storyboard */,
				D1FE32B22B0C342E0019C549 /* Assets.xcassets */,
				D1FE32B42B0C342E0019C549 /* LaunchScreen.storyboard */,
			);
			path = "To Do Explosion";
			sourceTree = "<group>";
		};
		D1FE32BE2B0C342E0019C549 /* To Do ExplosionTests */ = {
			isa = PBXGroup;
			children = (
				D1FE32BF2B0C342E0019C549 /* To_Do_ExplosionTests.swift */,
			);
			path = "To Do ExplosionTests";
			sourceTree = "<group>";
		};
		D1FE32C82B0C342E0019C549 /* To Do ExplosionUITests */ = {
			isa = PBXGroup;
			children = (
				D1FE32C92B0C342E0019C549 /* To_Do_ExplosionUITests.swift */,
				D1FE32CB2B0C342E0019C549 /* To_Do_ExplosionUITestsLaunchTests.swift */,
			);
			path = "To Do ExplosionUITests";
			sourceTree = "<group>";
		};
/* End PBXGroup section */

/* Begin PBXNativeTarget section */
		D1FE32A52B0C342B0019C549 /* To Do Explosion */ = {
			isa = PBXNativeTarget;
			buildConfigurationList = D1FE32CF2B0C342E0019C549 /* Build configuration list for PBXNativeTarget "To Do Explosion" */;
			buildPhases = (
				D1FE32A22B0C342B0019C549 /* Sources */,
				D1FE32A32B0C342B0019C549 /* Frameworks */,
				D1FE32A42B0C342B0019C549 /* Resources */,
			);
			buildRules = (
			);
			dependencies = (
			);
			name = "To Do Explosion";
			productName = "To Do Explosion";
			productReference = D1FE32A62B0C342B0019C549 /* To Do Explosion.app */;
			productType = "com.apple.product-type.application";
		};
		D1FE32BA2B0C342E0019C549 /* To Do ExplosionTests */ = {
			isa = PBXNativeTarget;
			buildConfigurationList = D1FE32D22B0C342E0019C549 /* Build configuration list for PBXNativeTarget "To Do ExplosionTests" */;
			buildPhases = (
				D1FE32B72B0C342E0019C549 /* Sources */,
				D1FE32B82B0C342E0019C549 /* Frameworks */,
				D1FE32B92B0C342E0019C549 /* Resources */,
			);
			buildRules = (
			);
			dependencies = (
				D1FE32BD2B0C342E0019C549 /* PBXTargetDependency */,
			);
			name = "To Do ExplosionTests";
			productName = "To Do ExplosionTests";
			productReference = D1FE32BB2B0C342E0019C549 /* To Do ExplosionTests.xctest */;
			productType = "com.apple.product-type.bundle.unit-test";
		};
		D1FE32C42B0C342E0019C549 /* To Do ExplosionUITests */ = {
			isa = PBXNativeTarget;
			buildConfigurationList = D1FE32D52B0C342E0019C549 /* Build configuration list for PBXNativeTarget "To Do ExplosionUITests" */;
			buildPhases = (
				D1FE32C12B0C342E0019C549 /* Sources */,
				D1FE32C22B0C342E0019C549 /* Frameworks */,
				D1FE32C32B0C342E0019C549 /* Resources */,
			);
			buildRules = (
			);
			dependencies = (
				D1FE32C72B0C342E0019C549 /* PBXTargetDependency */,
			);
			name = "To Do ExplosionUITests";
			productName = "To Do ExplosionUITests";
			productReference = D1FE32C52B0C342E0019C549 /* To Do ExplosionUITests.xctest */;
			productType = "com.apple.product-type.bundle.ui-testing";
		};
/* End PBXNativeTarget section */

/* Begin PBXProject section */
		D1FE329E2B0C342B0019C549 /* Project object */ = {
			isa = PBXProject;
			attributes = {
				BuildIndependentTargetsInParallel = 1;
				LastSwiftUpdateCheck = 1320;
				LastUpgradeCheck = 1320;
				TargetAttributes = {
					D1FE32A52B0C342B0019C549 = {
						CreatedOnToolsVersion = 13.2.1;
					};
					D1FE32BA2B0C342E0019C549 = {
						CreatedOnToolsVersion = 13.2.1;
						TestTargetID = D1FE32A52B0C342B0019C549;
					};
					D1FE32C42B0C342E0019C549 = {
						CreatedOnToolsVersion = 13.2.1;
						TestTargetID = D1FE32A52B0C342B0019C549;
					};
				};
			};
			buildConfigurationList = D1FE32A12B0C342B0019C549 /* Build configuration list for PBXProject "To Do Explosion" */;
			compatibilityVersion = "Xcode 13.0";
			developmentRegion = en;
			hasScannedForEncodings = 0;
			knownRegions = (
				en,
				Base,
			);
			mainGroup = D1FE329D2B0C342B0019C549;
			productRefGroup = D1FE32A72B0C342B0019C549 /* Products */;
			projectDirPath = "";
			projectRoot = "";
			targets = (
				D1FE32A52B0C342B0019C549 /* To Do Explosion */,
				D1FE32BA2B0C342E0019C549 /* To Do ExplosionTests */,
				D1FE32C42B0C342E0019C549 /* To Do ExplosionUITests */,
			);
		};
/* End PBXProject section */

/* Begin PBXResourcesBuildPhase section */
		D1FE32A42B0C342B0019C549 /* Resources */ = {
			isa = PBXResourcesBuildPhase;
			buildActionMask = 2147483647;
			files = (
				D1FE32B62B0C342E0019C549 /* LaunchScreen.storyboard in Resources */,
				D1FE32B32B0C342E0019C549 /* Assets.xcassets in Resources */,
				D1FE32B12B0C342B0019C549 /* Main.storyboard in Resources */,
			);
			runOnlyForDeploymentPostprocessing = 0;
		};
		D1FE32B92B0C342E0019C549 /* Resources */ = {
			isa = PBXResourcesBuildPhase;
			buildActionMask = 2147483647;
			files = (
			);
			runOnlyForDeploymentPostprocessing = 0;
		};
		D1FE32C32B0C342E0019C549 /* Resources */ = {
			isa = PBXResourcesBuildPhase;
			buildActionMask = 2147483647;
			files = (
			);
			runOnlyForDeploymentPostprocessing = 0;
		};
/* End PBXResourcesBuildPhase section */

/* Begin PBXSourcesBuildPhase section */
		D1FE32A22B0C342B0019C549 /* Sources */ = {
			isa = PBXSourcesBuildPhase;
			buildActionMask = 2147483647;
			files = (
				D1FE32AC2B0C342B0019C549 /* ViewController.swift in Sources */,
				D1FE32AA2B0C342B0019C549 /* AppDelegate.swift in Sources */,
				D1FE32AE2B0C342B0019C549 /* Experience.rcproject in Sources */,
			);
			runOnlyForDeploymentPostprocessing = 0;
		};
		D1FE32B72B0C342E0019C549 /* Sources */ = {
			isa = PBXSourcesBuildPhase;
			buildActionMask = 2147483647;
			files = (
				D1FE32C02B0C342E0019C549 /* To_Do_ExplosionTests.swift in Sources */,
			);
			runOnlyForDeploymentPostprocessing = 0;
		};
		D1FE32C12B0C342E0019C549 /* Sources */ = {
			isa = PBXSourcesBuildPhase;
			buildActionMask = 2147483647;
			files = (
				D1FE32CC2B0C342E0019C549 /* To_Do_ExplosionUITestsLaunchTests.swift in Sources */,
				D1FE32CA2B0C342E0019C549 /* To_Do_ExplosionUITests.swift in Sources */,
			);
			runOnlyForDeploymentPostprocessing = 0;
		};
/* End PBXSourcesBuildPhase section */

/* Begin PBXTargetDependency section */
		D1FE32BD2B0C342E0019C549 /* PBXTargetDependency */ = {
			isa = PBXTargetDependency;
			target = D1FE32A52B0C342B0019C549 /* To Do Explosion */;
			targetProxy = D1FE32BC2B0C342E0019C549 /* PBXContainerItemProxy */;
		};
		D1FE32C72B0C342E0019C549 /* PBXTargetDependency */ = {
			isa = PBXTargetDependency;
			target = D1FE32A52B0C342B0019C549 /* To Do Explosion */;
			targetProxy = D1FE32C62B0C342E0019C549 /* PBXContainerItemProxy */;
		};
/* End PBXTargetDependency section */

/* Begin PBXVariantGroup section */
		D1FE32AF2B0C342B0019C549 /* Main.storyboard */ = {
			isa = PBXVariantGroup;
			children = (
				D1FE32B02B0C342B0019C549 /* Base */,
			);
			name = Main.storyboard;
			sourceTree = "<group>";
		};
		D1FE32B42B0C342E0019C549 /* LaunchScreen.storyboard */ = {
			isa = PBXVariantGroup;
			children = (
				D1FE32B52B0C342E0019C549 /* Base */,
			);
			name = LaunchScreen.storyboard;
			sourceTree = "<group>";
		};
/* End PBXVariantGroup section */

/* Begin XCBuildConfiguration section */
		D1FE32CD2B0C342E0019C549 /* Debug */ = {
			isa = XCBuildConfiguration;
			buildSettings = {
				ALWAYS_SEARCH_USER_PATHS = NO;
				CLANG_ANALYZER_NONNULL = YES;
				CLANG_ANALYZER_NUMBER_OBJECT_CONVERSION = YES_AGGRESSIVE;
				CLANG_CXX_LANGUAGE_STANDARD = "gnu++17";
				CLANG_CXX_LIBRARY = "libc++";
				CLANG_ENABLE_MODULES = YES;
				CLANG_ENABLE_OBJC_ARC = YES;
				CLANG_ENABLE_OBJC_WEAK = YES;
				CLANG_WARN_BLOCK_CAPTURE_AUTORELEASING = YES;
				CLANG_WARN_BOOL_CONVERSION = YES;
				CLANG_WARN_COMMA = YES;
				CLANG_WARN_CONSTANT_CONVERSION = YES;
				CLANG_WARN_DEPRECATED_OBJC_IMPLEMENTATIONS = YES;
				CLANG_WARN_DIRECT_OBJC_ISA_USAGE = YES_ERROR;
				CLANG_WARN_DOCUMENTATION_COMMENTS = YES;
				CLANG_WARN_EMPTY_BODY = YES;
				CLANG_WARN_ENUM_CONVERSION = YES;
				CLANG_WARN_INFINITE_RECURSION = YES;
				CLANG_WARN_INT_CONVERSION = YES;
				CLANG_WARN_NON_LITERAL_NULL_CONVERSION = YES;
				CLANG_WARN_OBJC_IMPLICIT_RETAIN_SELF = YES;
				CLANG_WARN_OBJC_LITERAL_CONVERSION = YES;
				CLANG_WARN_OBJC_ROOT_CLASS = YES_ERROR;
				CLANG_WARN_QUOTED_INCLUDE_IN_FRAMEWORK_HEADER = YES;
				CLANG_WARN_RANGE_LOOP_ANALYSIS = YES;
				CLANG_WARN_STRICT_PROTOTYPES = YES;
				CLANG_WARN_SUSPICIOUS_MOVE = YES;
				CLANG_WARN_UNGUARDED_AVAILABILITY = YES_AGGRESSIVE;
				CLANG_WARN_UNREACHABLE_CODE = YES;
				CLANG_WARN__DUPLICATE_METHOD_MATCH = YES;
				COPY_PHASE_STRIP = NO;
				DEBUG_INFORMATION_FORMAT = dwarf;
				ENABLE_STRICT_OBJC_MSGSEND = YES;
				ENABLE_TESTABILITY = YES;
				GCC_C_LANGUAGE_STANDARD = gnu11;
				GCC_DYNAMIC_NO_PIC = NO;
				GCC_NO_COMMON_BLOCKS = YES;
				GCC_OPTIMIZATION_LEVEL = 0;
				GCC_PREPROCESSOR_DEFINITIONS = (
					"DEBUG=1",
					"$(inherited)",
				);
				GCC_WARN_64_TO_32_BIT_CONVERSION = YES;
				GCC_WARN_ABOUT_RETURN_TYPE = YES_ERROR;
				GCC_WARN_UNDECLARED_SELECTOR = YES;
				GCC_WARN_UNINITIALIZED_AUTOS = YES_AGGRESSIVE;
				GCC_WARN_UNUSED_FUNCTION = YES;
				GCC_WARN_UNUSED_VARIABLE = YES;
				IPHONEOS_DEPLOYMENT_TARGET = 15.2;
				MTL_ENABLE_DEBUG_INFO = INCLUDE_SOURCE;
				MTL_FAST_MATH = YES;
				ONLY_ACTIVE_ARCH = YES;
				SDKROOT = iphoneos;
				SWIFT_ACTIVE_COMPILATION_CONDITIONS = DEBUG;
				SWIFT_OPTIMIZATION_LEVEL = "-Onone";
			};
			name = Debug;
		};
		D1FE32CE2B0C342E0019C549 /* Release */ = {
			isa = XCBuildConfiguration;
			buildSettings = {
				ALWAYS_SEARCH_USER_PATHS = NO;
				CLANG_ANALYZER_NONNULL = YES;
				CLANG_ANALYZER_NUMBER_OBJECT_CONVERSION = YES_AGGRESSIVE;
				CLANG_CXX_LANGUAGE_STANDARD = "gnu++17";
				CLANG_CXX_LIBRARY = "libc++";
				CLANG_ENABLE_MODULES = YES;
				CLANG_ENABLE_OBJC_ARC = YES;
				CLANG_ENABLE_OBJC_WEAK = YES;
				CLANG_WARN_BLOCK_CAPTURE_AUTORELEASING = YES;
				CLANG_WARN_BOOL_CONVERSION = YES;
				CLANG_WARN_COMMA = YES;
				CLANG_WARN_CONSTANT_CONVERSION = YES;
				CLANG_WARN_DEPRECATED_OBJC_IMPLEMENTATIONS = YES;
				CLANG_WARN_DIRECT_OBJC_ISA_USAGE = YES_ERROR;
				CLANG_WARN_DOCUMENTATION_COMMENTS = YES;
				CLANG_WARN_EMPTY_BODY = YES;
				CLANG_WARN_ENUM_CONVERSION = YES;
				CLANG_WARN_INFINITE_RECURSION = YES;
				CLANG_WARN_INT_CONVERSION = YES;
				CLANG_WARN_NON_LITERAL_NULL_CONVERSION = YES;
				CLANG_WARN_OBJC_IMPLICIT_RETAIN_SELF = YES;
				CLANG_WARN_OBJC_LITERAL_CONVERSION = YES;
				CLANG_WARN_OBJC_ROOT_CLASS = YES_ERROR;
				CLANG_WARN_QUOTED_INCLUDE_IN_FRAMEWORK_HEADER = YES;
				CLANG_WARN_RANGE_LOOP_ANALYSIS = YES;
				CLANG_WARN_STRICT_PROTOTYPES = YES;
				CLANG_WARN_SUSPICIOUS_MOVE = YES;
				CLANG_WARN_UNGUARDED_AVAILABILITY = YES_AGGRESSIVE;
				CLANG_WARN_UNREACHABLE_CODE = YES;
				CLANG_WARN__DUPLICATE_METHOD_MATCH = YES;
				COPY_PHASE_STRIP = NO;
				DEBUG_INFORMATION_FORMAT = "dwarf-with-dsym";
				ENABLE_NS_ASSERTIONS = NO;
				ENABLE_STRICT_OBJC_MSGSEND = YES;
				GCC_C_LANGUAGE_STANDARD = gnu11;
				GCC_NO_COMMON_BLOCKS = YES;
				GCC_WARN_64_TO_32_BIT_CONVERSION = YES;
				GCC_WARN_ABOUT_RETURN_TYPE = YES_ERROR;
				GCC_WARN_UNDECLARED_SELECTOR = YES;
				GCC_WARN_UNINITIALIZED_AUTOS = YES_AGGRESSIVE;
				GCC_WARN_UNUSED_FUNCTION = YES;
				GCC_WARN_UNUSED_VARIABLE = YES;
				IPHONEOS_DEPLOYMENT_TARGET = 15.2;
				MTL_ENABLE_DEBUG_INFO = NO;
				MTL_FAST_MATH = YES;
				SDKROOT = iphoneos;
				SWIFT_COMPILATION_MODE = wholemodule;
				SWIFT_OPTIMIZATION_LEVEL = "-O";
				VALIDATE_PRODUCT = YES;
			};
			name = Release;
		};
		D1FE32D02B0C342E0019C549 /* Debug */ = {
			isa = XCBuildConfiguration;
			buildSettings = {
				ASSETCATALOG_COMPILER_APPICON_NAME = AppIcon;
				ASSETCATALOG_COMPILER_GLOBAL_ACCENT_COLOR_NAME = AccentColor;
				CODE_SIGN_STYLE = Automatic;
				CURRENT_PROJECT_VERSION = 1;
				GENERATE_INFOPLIST_FILE = YES;
				INFOPLIST_KEY_NSCameraUsageDescription = "";
				INFOPLIST_KEY_UIApplicationSupportsIndirectInputEvents = YES;
				INFOPLIST_KEY_UILaunchStoryboardName = LaunchScreen;
				INFOPLIST_KEY_UIMainStoryboardFile = Main;
				INFOPLIST_KEY_UIRequiredDeviceCapabilities = arkit;
				INFOPLIST_KEY_UIStatusBarHidden = YES;
				INFOPLIST_KEY_UISupportedInterfaceOrientations_iPad = "UIInterfaceOrientationPortrait UIInterfaceOrientationPortraitUpsideDown UIInterfaceOrientationLandscapeLeft UIInterfaceOrientationLandscapeRight";
				INFOPLIST_KEY_UISupportedInterfaceOrientations_iPhone = "UIInterfaceOrientationPortrait UIInterfaceOrientationLandscapeLeft UIInterfaceOrientationLandscapeRight";
				LD_RUNPATH_SEARCH_PATHS = (
					"$(inherited)",
					"@executable_path/Frameworks",
				);
				MARKETING_VERSION = 1.0;
				PRODUCT_BUNDLE_IDENTIFIER = "ArgonneSoftware.To-Do-Explosion";
				PRODUCT_NAME = "$(TARGET_NAME)";
				SWIFT_EMIT_LOC_STRINGS = YES;
				SWIFT_VERSION = 5.0;
				TARGETED_DEVICE_FAMILY = "1,2";
			};
			name = Debug;
		};
		D1FE32D12B0C342E0019C549 /* Release */ = {
			isa = XCBuildConfiguration;
			buildSettings = {
				ASSETCATALOG_COMPILER_APPICON_NAME = AppIcon;
				ASSETCATALOG_COMPILER_GLOBAL_ACCENT_COLOR_NAME = AccentColor;
				CODE_SIGN_STYLE = Automatic;
				CURRENT_PROJECT_VERSION = 1;
				GENERATE_INFOPLIST_FILE = YES;
				INFOPLIST_KEY_NSCameraUsageDescription = "";
				INFOPLIST_KEY_UIApplicationSupportsIndirectInputEvents = YES;
				INFOPLIST_KEY_UILaunchStoryboardName = LaunchScreen;
				INFOPLIST_KEY_UIMainStoryboardFile = Main;
				INFOPLIST_KEY_UIRequiredDeviceCapabilities = arkit;
				INFOPLIST_KEY_UIStatusBarHidden = YES;
				INFOPLIST_KEY_UISupportedInterfaceOrientations_iPad = "UIInterfaceOrientationPortrait UIInterfaceOrientationPortraitUpsideDown UIInterfaceOrientationLandscapeLeft UIInterfaceOrientationLandscapeRight";
				INFOPLIST_KEY_UISupportedInterfaceOrientations_iPhone = "UIInterfaceOrientationPortrait UIInterfaceOrientationLandscapeLeft UIInterfaceOrientationLandscapeRight";
				LD_RUNPATH_SEARCH_PATHS = (
					"$(inherited)",
					"@executable_path/Frameworks",
				);
				MARKETING_VERSION = 1.0;
				PRODUCT_BUNDLE_IDENTIFIER = "ArgonneSoftware.To-Do-Explosion";
				PRODUCT_NAME = "$(TARGET_NAME)";
				SWIFT_EMIT_LOC_STRINGS = YES;
				SWIFT_VERSION = 5.0;
				TARGETED_DEVICE_FAMILY = "1,2";
			};
			name = Release;
		};
		D1FE32D32B0C342E0019C549 /* Debug */ = {
			isa = XCBuildConfiguration;
			buildSettings = {
				ALWAYS_EMBED_SWIFT_STANDARD_LIBRARIES = YES;
				BUNDLE_LOADER = "$(TEST_HOST)";
				CODE_SIGN_STYLE = Automatic;
				CURRENT_PROJECT_VERSION = 1;
				GENERATE_INFOPLIST_FILE = YES;
				IPHONEOS_DEPLOYMENT_TARGET = 15.2;
				MARKETING_VERSION = 1.0;
				PRODUCT_BUNDLE_IDENTIFIER = "ArgonneSoftware.To-Do-ExplosionTests";
				PRODUCT_NAME = "$(TARGET_NAME)";
				SWIFT_EMIT_LOC_STRINGS = NO;
				SWIFT_VERSION = 5.0;
				TARGETED_DEVICE_FAMILY = "1,2";
				TEST_HOST = "$(BUILT_PRODUCTS_DIR)/To Do Explosion.app/To Do Explosion";
			};
			name = Debug;
		};
		D1FE32D42B0C342E0019C549 /* Release */ = {
			isa = XCBuildConfiguration;
			buildSettings = {
				ALWAYS_EMBED_SWIFT_STANDARD_LIBRARIES = YES;
				BUNDLE_LOADER = "$(TEST_HOST)";
				CODE_SIGN_STYLE = Automatic;
				CURRENT_PROJECT_VERSION = 1;
				GENERATE_INFOPLIST_FILE = YES;
				IPHONEOS_DEPLOYMENT_TARGET = 15.2;
				MARKETING_VERSION = 1.0;
				PRODUCT_BUNDLE_IDENTIFIER = "ArgonneSoftware.To-Do-ExplosionTests";
				PRODUCT_NAME = "$(TARGET_NAME)";
				SWIFT_EMIT_LOC_STRINGS = NO;
				SWIFT_VERSION = 5.0;
				TARGETED_DEVICE_FAMILY = "1,2";
				TEST_HOST = "$(BUILT_PRODUCTS_DIR)/To Do Explosion.app/To Do Explosion";
			};
			name = Release;
		};
		D1FE32D62B0C342E0019C549 /* Debug */ = {
			isa = XCBuildConfiguration;
			buildSettings = {
				ALWAYS_EMBED_SWIFT_STANDARD_LIBRARIES = YES;
				CODE_SIGN_STYLE = Automatic;
				CURRENT_PROJECT_VERSION = 1;
				GENERATE_INFOPLIST_FILE = YES;
				MARKETING_VERSION = 1.0;
				PRODUCT_BUNDLE_IDENTIFIER = "ArgonneSoftware.To-Do-ExplosionUITests";
				PRODUCT_NAME = "$(TARGET_NAME)";
				SWIFT_EMIT_LOC_STRINGS = NO;
				SWIFT_VERSION = 5.0;
				TARGETED_DEVICE_FAMILY = "1,2";
				TEST_TARGET_NAME = "To Do Explosion";
			};
			name = Debug;
		};
		D1FE32D72B0C342E0019C549 /* Release */ = {
			isa = XCBuildConfiguration;
			buildSettings = {
				ALWAYS_EMBED_SWIFT_STANDARD_LIBRARIES = YES;
				CODE_SIGN_STYLE = Automatic;
				CURRENT_PROJECT_VERSION = 1;
				GENERATE_INFOPLIST_FILE = YES;
				MARKETING_VERSION = 1.0;
				PRODUCT_BUNDLE_IDENTIFIER = "ArgonneSoftware.To-Do-ExplosionUITests";
				PRODUCT_NAME = "$(TARGET_NAME)";
				SWIFT_EMIT_LOC_STRINGS = NO;
				SWIFT_VERSION = 5.0;
				TARGETED_DEVICE_FAMILY = "1,2";
				TEST_TARGET_NAME = "To Do Explosion";
			};
			name = Release;
		};
/* End XCBuildConfiguration section */

/* Begin XCConfigurationList section */
		D1FE32A12B0C342B0019C549 /* Build configuration list for PBXProject "To Do Explosion" */ = {
			isa = XCConfigurationList;
			buildConfigurations = (
				D1FE32CD2B0C342E0019C549 /* Debug */,
				D1FE32CE2B0C342E0019C549 /* Release */,
			);
			defaultConfigurationIsVisible = 0;
			defaultConfigurationName = Release;
		};
		D1FE32CF2B0C342E0019C549 /* Build configuration list for PBXNativeTarget "To Do Explosion" */ = {
			isa = XCConfigurationList;
			buildConfigurations = (
				D1FE32D02B0C342E0019C549 /* Debug */,
				D1FE32D12B0C342E0019C549 /* Release */,
			);
			defaultConfigurationIsVisible = 0;
			defaultConfigurationName = Release;
		};
		D1FE32D22B0C342E0019C549 /* Build configuration list for PBXNativeTarget "To Do ExplosionTests" */ = {
			isa = XCConfigurationList;
			buildConfigurations = (
				D1FE32D32B0C342E0019C549 /* Debug */,
				D1FE32D42B0C342E0019C549 /* Release */,
			);
			defaultConfigurationIsVisible = 0;
			defaultConfigurationName = Release;
		};
		D1FE32D52B0C342E0019C549 /* Build configuration list for PBXNativeTarget "To Do ExplosionUITests" */ = {
			isa = XCConfigurationList;
			buildConfigurations = (
				D1FE32D62B0C342E0019C549 /* Debug */,
				D1FE32D72B0C342E0019C549 /* Release */,
			);
			defaultConfigurationIsVisible = 0;
			defaultConfigurationName = Release;
		};
/* End XCConfigurationList section */
	};
	rootObject = D1FE329E2B0C342B0019C549 /* Project object */;
}
